// !$*UTF8*$!
{
	archiveVersion = 1;
	classes = {
	};
	objectVersion = 50;
	objects = {

/* Begin PBXBuildFile section */
		3A012ED3230EE7D1004EC3F0 /* WeatherServiceTestCase.swift in Sources */ = {isa = PBXBuildFile; fileRef = 3A012ED2230EE7D1004EC3F0 /* WeatherServiceTestCase.swift */; };
		3A143CDA230B15C000C531E9 /* WeatherFormViewController.swift in Sources */ = {isa = PBXBuildFile; fileRef = 3A143CD9230B15C000C531E9 /* WeatherFormViewController.swift */; };
		3A4C83A922FC6562003EFC20 /* CurrencyServiceTestCase.swift in Sources */ = {isa = PBXBuildFile; fileRef = 3A4C83A822FC6562003EFC20 /* CurrencyServiceTestCase.swift */; };
		3A4C83AB22FC65E2003EFC20 /* Currency.json in Resources */ = {isa = PBXBuildFile; fileRef = 3A4C83AA22FC65E2003EFC20 /* Currency.json */; };
		3A4C83AD22FC66E0003EFC20 /* Rates.json in Resources */ = {isa = PBXBuildFile; fileRef = 3A4C83AC22FC66E0003EFC20 /* Rates.json */; };
		3A4C83AF22FC6722003EFC20 /* FakeResponseData.swift in Sources */ = {isa = PBXBuildFile; fileRef = 3A4C83AE22FC6722003EFC20 /* FakeResponseData.swift */; };
		3A4C83B122FC6BC4003EFC20 /* URLSessionFake.swift in Sources */ = {isa = PBXBuildFile; fileRef = 3A4C83B022FC6BC4003EFC20 /* URLSessionFake.swift */; };
		3A9A45E7231417A400B5D7BC /* Translations.json in Resources */ = {isa = PBXBuildFile; fileRef = 3A9A45E6231417A400B5D7BC /* Translations.json */; };
		3A9A45E923141AAA00B5D7BC /* Translations.swift in Sources */ = {isa = PBXBuildFile; fileRef = 3A9A45E823141AAA00B5D7BC /* Translations.swift */; };
		3A9A45EB231426CA00B5D7BC /* Languages.json in Resources */ = {isa = PBXBuildFile; fileRef = 3A9A45EA231426CA00B5D7BC /* Languages.json */; };
		3A9A45ED2314276C00B5D7BC /* Languages.swift in Sources */ = {isa = PBXBuildFile; fileRef = 3A9A45EC2314276C00B5D7BC /* Languages.swift */; };
		3A9A45EF2314316700B5D7BC /* TranslateFormViewController.swift in Sources */ = {isa = PBXBuildFile; fileRef = 3A9A45EE2314316700B5D7BC /* TranslateFormViewController.swift */; };
		3AB7188922F34B9000348085 /* AppDelegate.swift in Sources */ = {isa = PBXBuildFile; fileRef = 3AB7188822F34B9000348085 /* AppDelegate.swift */; };
		3AB7188E22F34B9000348085 /* Main.storyboard in Resources */ = {isa = PBXBuildFile; fileRef = 3AB7188C22F34B9000348085 /* Main.storyboard */; };
		3AB7189022F34B9100348085 /* Assets.xcassets in Resources */ = {isa = PBXBuildFile; fileRef = 3AB7188F22F34B9100348085 /* Assets.xcassets */; };
		3AB7189322F34B9100348085 /* LaunchScreen.storyboard in Resources */ = {isa = PBXBuildFile; fileRef = 3AB7189122F34B9100348085 /* LaunchScreen.storyboard */; };
		3AC4A60D2316869F004B1122 /* TranslationService.swift in Sources */ = {isa = PBXBuildFile; fileRef = 3AC4A60C2316869F004B1122 /* TranslationService.swift */; };
		3AC4A6122316EC89004B1122 /* CustomUIViewController.swift in Sources */ = {isa = PBXBuildFile; fileRef = 3AC4A6112316EC89004B1122 /* CustomUIViewController.swift */; };
		3AC4A6142316ED0B004B1122 /* ActivityIndicatorUIViewController.swift in Sources */ = {isa = PBXBuildFile; fileRef = 3AC4A6132316ED0B004B1122 /* ActivityIndicatorUIViewController.swift */; };
		3AC4A6162316ED2B004B1122 /* AlertVCUIViewController.swift in Sources */ = {isa = PBXBuildFile; fileRef = 3AC4A6152316ED2B004B1122 /* AlertVCUIViewController.swift */; };
		3ACF379F230D48CB002CC67D /* Weather.json in Resources */ = {isa = PBXBuildFile; fileRef = 3ACF379E230D48CB002CC67D /* Weather.json */; };
		3AE564C322F878D400BE5B6C /* ExchangeFormViewController.swift in Sources */ = {isa = PBXBuildFile; fileRef = 3AE564C222F878D400BE5B6C /* ExchangeFormViewController.swift */; };
		3AEABC14230BFFB2005DA02E /* WeatherService.swift in Sources */ = {isa = PBXBuildFile; fileRef = 3AEABC13230BFFB2005DA02E /* WeatherService.swift */; };
		3AEABC16230C35C7005DA02E /* WeatherAPI.swift in Sources */ = {isa = PBXBuildFile; fileRef = 3AEABC15230C35C7005DA02E /* WeatherAPI.swift */; };
		3AEABC18230C4ACE005DA02E /* ApiKeys.plist in Resources */ = {isa = PBXBuildFile; fileRef = 3AEABC17230C4ACE005DA02E /* ApiKeys.plist */; };
		3AEABC1A230C4CF6005DA02E /* ApiKeys.swift in Sources */ = {isa = PBXBuildFile; fileRef = 3AEABC19230C4CF6005DA02E /* ApiKeys.swift */; };
		3AF7346022F9E4B9003BFB73 /* Currency.swift in Sources */ = {isa = PBXBuildFile; fileRef = 3AF7345F22F9E4B9003BFB73 /* Currency.swift */; };
		3AF7346222F9E7D2003BFB73 /* CurrencyService.swift in Sources */ = {isa = PBXBuildFile; fileRef = 3AF7346122F9E7D2003BFB73 /* CurrencyService.swift */; };
		3AF7346422F9EB93003BFB73 /* Rates.swift in Sources */ = {isa = PBXBuildFile; fileRef = 3AF7346322F9EB93003BFB73 /* Rates.swift */; };
/* End PBXBuildFile section */

/* Begin PBXContainerItemProxy section */
		3AB7189A22F34B9100348085 /* PBXContainerItemProxy */ = {
			isa = PBXContainerItemProxy;
			containerPortal = 3AB7187D22F34B9000348085 /* Project object */;
			proxyType = 1;
			remoteGlobalIDString = 3AB7188422F34B9000348085;
			remoteInfo = TravelApp;
		};
/* End PBXContainerItemProxy section */

/* Begin PBXFileReference section */
		3A012ED2230EE7D1004EC3F0 /* WeatherServiceTestCase.swift */ = {isa = PBXFileReference; lastKnownFileType = sourcecode.swift; path = WeatherServiceTestCase.swift; sourceTree = "<group>"; };
		3A143CD9230B15C000C531E9 /* WeatherFormViewController.swift */ = {isa = PBXFileReference; lastKnownFileType = sourcecode.swift; path = WeatherFormViewController.swift; sourceTree = "<group>"; };
		3A4C83A822FC6562003EFC20 /* CurrencyServiceTestCase.swift */ = {isa = PBXFileReference; lastKnownFileType = sourcecode.swift; path = CurrencyServiceTestCase.swift; sourceTree = "<group>"; };
		3A4C83AA22FC65E2003EFC20 /* Currency.json */ = {isa = PBXFileReference; lastKnownFileType = text.json; path = Currency.json; sourceTree = "<group>"; };
		3A4C83AC22FC66E0003EFC20 /* Rates.json */ = {isa = PBXFileReference; lastKnownFileType = text.json; path = Rates.json; sourceTree = "<group>"; };
		3A4C83AE22FC6722003EFC20 /* FakeResponseData.swift */ = {isa = PBXFileReference; lastKnownFileType = sourcecode.swift; path = FakeResponseData.swift; sourceTree = "<group>"; };
		3A4C83B022FC6BC4003EFC20 /* URLSessionFake.swift */ = {isa = PBXFileReference; lastKnownFileType = sourcecode.swift; path = URLSessionFake.swift; sourceTree = "<group>"; };
		3A9A45E6231417A400B5D7BC /* Translations.json */ = {isa = PBXFileReference; lastKnownFileType = text.json; path = Translations.json; sourceTree = "<group>"; };
		3A9A45E823141AAA00B5D7BC /* Translations.swift */ = {isa = PBXFileReference; lastKnownFileType = sourcecode.swift; path = Translations.swift; sourceTree = "<group>"; };
		3A9A45EA231426CA00B5D7BC /* Languages.json */ = {isa = PBXFileReference; lastKnownFileType = text.json; path = Languages.json; sourceTree = "<group>"; };
		3A9A45EC2314276C00B5D7BC /* Languages.swift */ = {isa = PBXFileReference; lastKnownFileType = sourcecode.swift; path = Languages.swift; sourceTree = "<group>"; };
		3A9A45EE2314316700B5D7BC /* TranslateFormViewController.swift */ = {isa = PBXFileReference; lastKnownFileType = sourcecode.swift; path = TranslateFormViewController.swift; sourceTree = "<group>"; };
		3AB7188522F34B9000348085 /* TravelApp.app */ = {isa = PBXFileReference; explicitFileType = wrapper.application; includeInIndex = 0; path = TravelApp.app; sourceTree = BUILT_PRODUCTS_DIR; };
		3AB7188822F34B9000348085 /* AppDelegate.swift */ = {isa = PBXFileReference; lastKnownFileType = sourcecode.swift; path = AppDelegate.swift; sourceTree = "<group>"; };
		3AB7188D22F34B9000348085 /* Base */ = {isa = PBXFileReference; lastKnownFileType = file.storyboard; name = Base; path = Base.lproj/Main.storyboard; sourceTree = "<group>"; };
		3AB7188F22F34B9100348085 /* Assets.xcassets */ = {isa = PBXFileReference; lastKnownFileType = folder.assetcatalog; path = Assets.xcassets; sourceTree = "<group>"; };
		3AB7189222F34B9100348085 /* Base */ = {isa = PBXFileReference; lastKnownFileType = file.storyboard; name = Base; path = Base.lproj/LaunchScreen.storyboard; sourceTree = "<group>"; };
		3AB7189422F34B9100348085 /* Info.plist */ = {isa = PBXFileReference; lastKnownFileType = text.plist.xml; path = Info.plist; sourceTree = "<group>"; };
		3AB7189922F34B9100348085 /* TravelAppTests.xctest */ = {isa = PBXFileReference; explicitFileType = wrapper.cfbundle; includeInIndex = 0; path = TravelAppTests.xctest; sourceTree = BUILT_PRODUCTS_DIR; };
		3AB7189F22F34B9100348085 /* Info.plist */ = {isa = PBXFileReference; lastKnownFileType = text.plist.xml; path = Info.plist; sourceTree = "<group>"; };
		3AC4A60C2316869F004B1122 /* TranslationService.swift */ = {isa = PBXFileReference; lastKnownFileType = sourcecode.swift; path = TranslationService.swift; sourceTree = "<group>"; };
		3AC4A6112316EC89004B1122 /* CustomUIViewController.swift */ = {isa = PBXFileReference; lastKnownFileType = sourcecode.swift; path = CustomUIViewController.swift; sourceTree = "<group>"; };
		3AC4A6132316ED0B004B1122 /* ActivityIndicatorUIViewController.swift */ = {isa = PBXFileReference; lastKnownFileType = sourcecode.swift; path = ActivityIndicatorUIViewController.swift; sourceTree = "<group>"; };
		3AC4A6152316ED2B004B1122 /* AlertVCUIViewController.swift */ = {isa = PBXFileReference; lastKnownFileType = sourcecode.swift; path = AlertVCUIViewController.swift; sourceTree = "<group>"; };
		3ACF379E230D48CB002CC67D /* Weather.json */ = {isa = PBXFileReference; lastKnownFileType = text.json; path = Weather.json; sourceTree = "<group>"; };
		3AE564C222F878D400BE5B6C /* ExchangeFormViewController.swift */ = {isa = PBXFileReference; lastKnownFileType = sourcecode.swift; path = ExchangeFormViewController.swift; sourceTree = "<group>"; };
		3AEABC13230BFFB2005DA02E /* WeatherService.swift */ = {isa = PBXFileReference; lastKnownFileType = sourcecode.swift; path = WeatherService.swift; sourceTree = "<group>"; };
		3AEABC15230C35C7005DA02E /* WeatherAPI.swift */ = {isa = PBXFileReference; lastKnownFileType = sourcecode.swift; path = WeatherAPI.swift; sourceTree = "<group>"; };
		3AEABC17230C4ACE005DA02E /* ApiKeys.plist */ = {isa = PBXFileReference; lastKnownFileType = text.plist.xml; path = ApiKeys.plist; sourceTree = "<group>"; };
		3AEABC19230C4CF6005DA02E /* ApiKeys.swift */ = {isa = PBXFileReference; lastKnownFileType = sourcecode.swift; path = ApiKeys.swift; sourceTree = "<group>"; };
		3AF7345F22F9E4B9003BFB73 /* Currency.swift */ = {isa = PBXFileReference; lastKnownFileType = sourcecode.swift; path = Currency.swift; sourceTree = "<group>"; };
		3AF7346122F9E7D2003BFB73 /* CurrencyService.swift */ = {isa = PBXFileReference; lastKnownFileType = sourcecode.swift; path = CurrencyService.swift; sourceTree = "<group>"; };
		3AF7346322F9EB93003BFB73 /* Rates.swift */ = {isa = PBXFileReference; lastKnownFileType = sourcecode.swift; path = Rates.swift; sourceTree = "<group>"; };
/* End PBXFileReference section */

/* Begin PBXFrameworksBuildPhase section */
		3AB7188222F34B9000348085 /* Frameworks */ = {
			isa = PBXFrameworksBuildPhase;
			buildActionMask = 2147483647;
			files = (
			);
			runOnlyForDeploymentPostprocessing = 0;
		};
		3AB7189622F34B9100348085 /* Frameworks */ = {
			isa = PBXFrameworksBuildPhase;
			buildActionMask = 2147483647;
			files = (
			);
			runOnlyForDeploymentPostprocessing = 0;
		};
/* End PBXFrameworksBuildPhase section */

/* Begin PBXGroup section */
		3A143CD3230B04B400C531E9 /* CurrencyExchangeRate */ = {
			isa = PBXGroup;
			children = (
				3AF7346122F9E7D2003BFB73 /* CurrencyService.swift */,
				3AF7345F22F9E4B9003BFB73 /* Currency.swift */,
				3AF7346322F9EB93003BFB73 /* Rates.swift */,
			);
			path = CurrencyExchangeRate;
			sourceTree = "<group>";
		};
		3A143CD4230B050500C531E9 /* Translation */ = {
			isa = PBXGroup;
			children = (
				3AC4A60C2316869F004B1122 /* TranslationService.swift */,
				3A9A45E823141AAA00B5D7BC /* Translations.swift */,
				3A9A45EC2314276C00B5D7BC /* Languages.swift */,
			);
			path = Translation;
			sourceTree = "<group>";
		};
		3A143CD5230B060300C531E9 /* Weather */ = {
			isa = PBXGroup;
			children = (
				3AEABC13230BFFB2005DA02E /* WeatherService.swift */,
				3AEABC15230C35C7005DA02E /* WeatherAPI.swift */,
			);
			path = Weather;
			sourceTree = "<group>";
		};
		3A143CD6230B06BC00C531E9 /* CurrencyExchangeRateTests */ = {
			isa = PBXGroup;
			children = (
				3A4C83A822FC6562003EFC20 /* CurrencyServiceTestCase.swift */,
				3A4C83AA22FC65E2003EFC20 /* Currency.json */,
				3A4C83AC22FC66E0003EFC20 /* Rates.json */,
			);
			path = CurrencyExchangeRateTests;
			sourceTree = "<group>";
		};
		3A143CD7230B06D400C531E9 /* TranslationTests */ = {
			isa = PBXGroup;
			children = (
				3A9A45E6231417A400B5D7BC /* Translations.json */,
				3A9A45EA231426CA00B5D7BC /* Languages.json */,
			);
			path = TranslationTests;
			sourceTree = "<group>";
		};
		3A143CD8230B06E100C531E9 /* WeatherTests */ = {
			isa = PBXGroup;
			children = (
				3A012ED2230EE7D1004EC3F0 /* WeatherServiceTestCase.swift */,
				3ACF379E230D48CB002CC67D /* Weather.json */,
			);
			path = WeatherTests;
			sourceTree = "<group>";
		};
		3AB7187C22F34B9000348085 = {
			isa = PBXGroup;
			children = (
				3AB7188722F34B9000348085 /* TravelApp */,
				3AB7189C22F34B9100348085 /* TravelAppTests */,
				3AB7188622F34B9000348085 /* Products */,
			);
			sourceTree = "<group>";
		};
		3AB7188622F34B9000348085 /* Products */ = {
			isa = PBXGroup;
			children = (
				3AB7188522F34B9000348085 /* TravelApp.app */,
				3AB7189922F34B9100348085 /* TravelAppTests.xctest */,
			);
			name = Products;
			sourceTree = "<group>";
		};
		3AB7188722F34B9000348085 /* TravelApp */ = {
			isa = PBXGroup;
			children = (
				3AC4A60E2316EBAF004B1122 /* Extensions */,
				3AB718A922F34BA800348085 /* View */,
				3AB718A822F34BA200348085 /* Model */,
				3AB718AA22F34BAC00348085 /* Controller */,
				3AB718AB22F34BB300348085 /* Supporting Files */,
			);
			path = TravelApp;
			sourceTree = "<group>";
		};
		3AB7189C22F34B9100348085 /* TravelAppTests */ = {
			isa = PBXGroup;
			children = (
				3A143CD6230B06BC00C531E9 /* CurrencyExchangeRateTests */,
				3A143CD8230B06E100C531E9 /* WeatherTests */,
				3A143CD7230B06D400C531E9 /* TranslationTests */,
				3AB7189F22F34B9100348085 /* Info.plist */,
				3A4C83AE22FC6722003EFC20 /* FakeResponseData.swift */,
				3A4C83B022FC6BC4003EFC20 /* URLSessionFake.swift */,
			);
			path = TravelAppTests;
			sourceTree = "<group>";
		};
		3AB718A822F34BA200348085 /* Model */ = {
			isa = PBXGroup;
			children = (
				3A143CD3230B04B400C531E9 /* CurrencyExchangeRate */,
				3A143CD5230B060300C531E9 /* Weather */,
				3A143CD4230B050500C531E9 /* Translation */,
			);
			path = Model;
			sourceTree = "<group>";
		};
		3AB718A922F34BA800348085 /* View */ = {
			isa = PBXGroup;
			children = (
				3AB7188C22F34B9000348085 /* Main.storyboard */,
				3AB7189122F34B9100348085 /* LaunchScreen.storyboard */,
			);
			path = View;
			sourceTree = "<group>";
		};
		3AB718AA22F34BAC00348085 /* Controller */ = {
			isa = PBXGroup;
			children = (
				3AE564C222F878D400BE5B6C /* ExchangeFormViewController.swift */,
				3A143CD9230B15C000C531E9 /* WeatherFormViewController.swift */,
				3A9A45EE2314316700B5D7BC /* TranslateFormViewController.swift */,
			);
			path = Controller;
			sourceTree = "<group>";
		};
		3AB718AB22F34BB300348085 /* Supporting Files */ = {
			isa = PBXGroup;
			children = (
				3AB7188F22F34B9100348085 /* Assets.xcassets */,
				3AB7188822F34B9000348085 /* AppDelegate.swift */,
				3AB7189422F34B9100348085 /* Info.plist */,
				3AEABC17230C4ACE005DA02E /* ApiKeys.plist */,
				3AEABC19230C4CF6005DA02E /* ApiKeys.swift */,
			);
			path = "Supporting Files";
			sourceTree = "<group>";
		};
		3AC4A60E2316EBAF004B1122 /* Extensions */ = {
			isa = PBXGroup;
			children = (
				3AC4A6112316EC89004B1122 /* CustomUIViewController.swift */,
				3AC4A6132316ED0B004B1122 /* ActivityIndicatorUIViewController.swift */,
				3AC4A6152316ED2B004B1122 /* AlertVCUIViewController.swift */,
			);
			path = Extensions;
			sourceTree = "<group>";
		};
/* End PBXGroup section */

/* Begin PBXNativeTarget section */
		3AB7188422F34B9000348085 /* TravelApp */ = {
			isa = PBXNativeTarget;
			buildConfigurationList = 3AB718A222F34B9100348085 /* Build configuration list for PBXNativeTarget "TravelApp" */;
			buildPhases = (
				3AB7188122F34B9000348085 /* Sources */,
				3AB7188222F34B9000348085 /* Frameworks */,
				3AB7188322F34B9000348085 /* Resources */,
				3A4C83A722FC2C82003EFC20 /* ShellScript */,
			);
			buildRules = (
			);
			dependencies = (
			);
			name = TravelApp;
			productName = TravelApp;
			productReference = 3AB7188522F34B9000348085 /* TravelApp.app */;
			productType = "com.apple.product-type.application";
		};
		3AB7189822F34B9100348085 /* TravelAppTests */ = {
			isa = PBXNativeTarget;
			buildConfigurationList = 3AB718A522F34B9100348085 /* Build configuration list for PBXNativeTarget "TravelAppTests" */;
			buildPhases = (
				3AB7189522F34B9100348085 /* Sources */,
				3AB7189622F34B9100348085 /* Frameworks */,
				3AB7189722F34B9100348085 /* Resources */,
			);
			buildRules = (
			);
			dependencies = (
				3AB7189B22F34B9100348085 /* PBXTargetDependency */,
			);
			name = TravelAppTests;
			productName = TravelAppTests;
			productReference = 3AB7189922F34B9100348085 /* TravelAppTests.xctest */;
			productType = "com.apple.product-type.bundle.unit-test";
		};
/* End PBXNativeTarget section */

/* Begin PBXProject section */
		3AB7187D22F34B9000348085 /* Project object */ = {
			isa = PBXProject;
			attributes = {
				LastSwiftUpdateCheck = 1030;
				LastUpgradeCheck = 1030;
				ORGANIZATIONNAME = "Angelique Babin";
				TargetAttributes = {
					3AB7188422F34B9000348085 = {
						CreatedOnToolsVersion = 10.3;
					};
					3AB7189822F34B9100348085 = {
						CreatedOnToolsVersion = 10.3;
						LastSwiftMigration = 1030;
						TestTargetID = 3AB7188422F34B9000348085;
					};
				};
			};
			buildConfigurationList = 3AB7188022F34B9000348085 /* Build configuration list for PBXProject "TravelApp" */;
			compatibilityVersion = "Xcode 9.3";
			developmentRegion = en;
			hasScannedForEncodings = 0;
			knownRegions = (
				en,
				Base,
			);
			mainGroup = 3AB7187C22F34B9000348085;
			productRefGroup = 3AB7188622F34B9000348085 /* Products */;
			projectDirPath = "";
			projectRoot = "";
			targets = (
				3AB7188422F34B9000348085 /* TravelApp */,
				3AB7189822F34B9100348085 /* TravelAppTests */,
			);
		};
/* End PBXProject section */

/* Begin PBXResourcesBuildPhase section */
		3AB7188322F34B9000348085 /* Resources */ = {
			isa = PBXResourcesBuildPhase;
			buildActionMask = 2147483647;
			files = (
				3AB7189322F34B9100348085 /* LaunchScreen.storyboard in Resources */,
				3AEABC18230C4ACE005DA02E /* ApiKeys.plist in Resources */,
				3AB7189022F34B9100348085 /* Assets.xcassets in Resources */,
				3AB7188E22F34B9000348085 /* Main.storyboard in Resources */,
			);
			runOnlyForDeploymentPostprocessing = 0;
		};
		3AB7189722F34B9100348085 /* Resources */ = {
			isa = PBXResourcesBuildPhase;
			buildActionMask = 2147483647;
			files = (
				3A4C83AB22FC65E2003EFC20 /* Currency.json in Resources */,
				3A9A45EB231426CA00B5D7BC /* Languages.json in Resources */,
				3ACF379F230D48CB002CC67D /* Weather.json in Resources */,
				3A4C83AD22FC66E0003EFC20 /* Rates.json in Resources */,
				3A9A45E7231417A400B5D7BC /* Translations.json in Resources */,
			);
			runOnlyForDeploymentPostprocessing = 0;
		};
/* End PBXResourcesBuildPhase section */

/* Begin PBXShellScriptBuildPhase section */
		3A4C83A722FC2C82003EFC20 /* ShellScript */ = {
			isa = PBXShellScriptBuildPhase;
			buildActionMask = 2147483647;
			files = (
			);
			inputFileListPaths = (
			);
			inputPaths = (
			);
			outputFileListPaths = (
			);
			outputPaths = (
			);
			runOnlyForDeploymentPostprocessing = 0;
			shellPath = /bin/sh;
			shellScript = "if which swiftlint >/dev/null; then\nswiftlint\nelse\necho \"warning: SwiftLint not installed, download from https://github.com/realm/SwiftLint\"\nfi\n";
		};
/* End PBXShellScriptBuildPhase section */

/* Begin PBXSourcesBuildPhase section */
		3AB7188122F34B9000348085 /* Sources */ = {
			isa = PBXSourcesBuildPhase;
			buildActionMask = 2147483647;
			files = (
				3AB7188922F34B9000348085 /* AppDelegate.swift in Sources */,
				3AC4A6142316ED0B004B1122 /* ActivityIndicatorUIViewController.swift in Sources */,
				3A143CDA230B15C000C531E9 /* WeatherFormViewController.swift in Sources */,
				3AEABC1A230C4CF6005DA02E /* ApiKeys.swift in Sources */,
				3AF7346022F9E4B9003BFB73 /* Currency.swift in Sources */,
				3A9A45ED2314276C00B5D7BC /* Languages.swift in Sources */,
				3AC4A6162316ED2B004B1122 /* AlertVCUIViewController.swift in Sources */,
				3AF7346222F9E7D2003BFB73 /* CurrencyService.swift in Sources */,
				3AF7346422F9EB93003BFB73 /* Rates.swift in Sources */,
				3AC4A60D2316869F004B1122 /* TranslationService.swift in Sources */,
				3AEABC16230C35C7005DA02E /* WeatherAPI.swift in Sources */,
				3AC4A6122316EC89004B1122 /* CustomUIViewController.swift in Sources */,
				3AE564C322F878D400BE5B6C /* ExchangeFormViewController.swift in Sources */,
				3A9A45E923141AAA00B5D7BC /* Translations.swift in Sources */,
				3AEABC14230BFFB2005DA02E /* WeatherService.swift in Sources */,
				3A9A45EF2314316700B5D7BC /* TranslateFormViewController.swift in Sources */,
			);
			runOnlyForDeploymentPostprocessing = 0;
		};
		3AB7189522F34B9100348085 /* Sources */ = {
			isa = PBXSourcesBuildPhase;
			buildActionMask = 2147483647;
			files = (
				3A012ED3230EE7D1004EC3F0 /* WeatherServiceTestCase.swift in Sources */,
				3A4C83A922FC6562003EFC20 /* CurrencyServiceTestCase.swift in Sources */,
				3A4C83B122FC6BC4003EFC20 /* URLSessionFake.swift in Sources */,
				3A4C83AF22FC6722003EFC20 /* FakeResponseData.swift in Sources */,
			);
			runOnlyForDeploymentPostprocessing = 0;
		};
/* End PBXSourcesBuildPhase section */

/* Begin PBXTargetDependency section */
		3AB7189B22F34B9100348085 /* PBXTargetDependency */ = {
			isa = PBXTargetDependency;
			target = 3AB7188422F34B9000348085 /* TravelApp */;
			targetProxy = 3AB7189A22F34B9100348085 /* PBXContainerItemProxy */;
		};
/* End PBXTargetDependency section */

/* Begin PBXVariantGroup section */
		3AB7188C22F34B9000348085 /* Main.storyboard */ = {
			isa = PBXVariantGroup;
			children = (
				3AB7188D22F34B9000348085 /* Base */,
			);
			name = Main.storyboard;
			sourceTree = "<group>";
		};
		3AB7189122F34B9100348085 /* LaunchScreen.storyboard */ = {
			isa = PBXVariantGroup;
			children = (
				3AB7189222F34B9100348085 /* Base */,
			);
			name = LaunchScreen.storyboard;
			sourceTree = "<group>";
		};
/* End PBXVariantGroup section */

/* Begin XCBuildConfiguration section */
		3AB718A022F34B9100348085 /* Debug */ = {
			isa = XCBuildConfiguration;
			buildSettings = {
				ALWAYS_SEARCH_USER_PATHS = NO;
				CLANG_ANALYZER_NONNULL = YES;
				CLANG_ANALYZER_NUMBER_OBJECT_CONVERSION = YES_AGGRESSIVE;
				CLANG_CXX_LANGUAGE_STANDARD = "gnu++14";
				CLANG_CXX_LIBRARY = "libc++";
				CLANG_ENABLE_MODULES = YES;
				CLANG_ENABLE_OBJC_ARC = YES;
				CLANG_ENABLE_OBJC_WEAK = YES;
				CLANG_WARN_BLOCK_CAPTURE_AUTORELEASING = YES;
				CLANG_WARN_BOOL_CONVERSION = YES;
				CLANG_WARN_COMMA = YES;
				CLANG_WARN_CONSTANT_CONVERSION = YES;
				CLANG_WARN_DEPRECATED_OBJC_IMPLEMENTATIONS = YES;
				CLANG_WARN_DIRECT_OBJC_ISA_USAGE = YES_ERROR;
				CLANG_WARN_DOCUMENTATION_COMMENTS = YES;
				CLANG_WARN_EMPTY_BODY = YES;
				CLANG_WARN_ENUM_CONVERSION = YES;
				CLANG_WARN_INFINITE_RECURSION = YES;
				CLANG_WARN_INT_CONVERSION = YES;
				CLANG_WARN_NON_LITERAL_NULL_CONVERSION = YES;
				CLANG_WARN_OBJC_IMPLICIT_RETAIN_SELF = YES;
				CLANG_WARN_OBJC_LITERAL_CONVERSION = YES;
				CLANG_WARN_OBJC_ROOT_CLASS = YES_ERROR;
				CLANG_WARN_RANGE_LOOP_ANALYSIS = YES;
				CLANG_WARN_STRICT_PROTOTYPES = YES;
				CLANG_WARN_SUSPICIOUS_MOVE = YES;
				CLANG_WARN_UNGUARDED_AVAILABILITY = YES_AGGRESSIVE;
				CLANG_WARN_UNREACHABLE_CODE = YES;
				CLANG_WARN__DUPLICATE_METHOD_MATCH = YES;
				CODE_SIGN_IDENTITY = "iPhone Developer";
				COPY_PHASE_STRIP = NO;
				DEBUG_INFORMATION_FORMAT = dwarf;
				ENABLE_STRICT_OBJC_MSGSEND = YES;
				ENABLE_TESTABILITY = YES;
				GCC_C_LANGUAGE_STANDARD = gnu11;
				GCC_DYNAMIC_NO_PIC = NO;
				GCC_NO_COMMON_BLOCKS = YES;
				GCC_OPTIMIZATION_LEVEL = 0;
				GCC_PREPROCESSOR_DEFINITIONS = (
					"DEBUG=1",
					"$(inherited)",
				);
				GCC_WARN_64_TO_32_BIT_CONVERSION = YES;
				GCC_WARN_ABOUT_RETURN_TYPE = YES_ERROR;
				GCC_WARN_UNDECLARED_SELECTOR = YES;
				GCC_WARN_UNINITIALIZED_AUTOS = YES_AGGRESSIVE;
				GCC_WARN_UNUSED_FUNCTION = YES;
				GCC_WARN_UNUSED_VARIABLE = YES;
				IPHONEOS_DEPLOYMENT_TARGET = 11.0;
				MTL_ENABLE_DEBUG_INFO = INCLUDE_SOURCE;
				MTL_FAST_MATH = YES;
				ONLY_ACTIVE_ARCH = YES;
				SDKROOT = iphoneos;
				SWIFT_ACTIVE_COMPILATION_CONDITIONS = DEBUG;
				SWIFT_OPTIMIZATION_LEVEL = "-Onone";
			};
			name = Debug;
		};
		3AB718A122F34B9100348085 /* Release */ = {
			isa = XCBuildConfiguration;
			buildSettings = {
				ALWAYS_SEARCH_USER_PATHS = NO;
				CLANG_ANALYZER_NONNULL = YES;
				CLANG_ANALYZER_NUMBER_OBJECT_CONVERSION = YES_AGGRESSIVE;
				CLANG_CXX_LANGUAGE_STANDARD = "gnu++14";
				CLANG_CXX_LIBRARY = "libc++";
				CLANG_ENABLE_MODULES = YES;
				CLANG_ENABLE_OBJC_ARC = YES;
				CLANG_ENABLE_OBJC_WEAK = YES;
				CLANG_WARN_BLOCK_CAPTURE_AUTORELEASING = YES;
				CLANG_WARN_BOOL_CONVERSION = YES;
				CLANG_WARN_COMMA = YES;
				CLANG_WARN_CONSTANT_CONVERSION = YES;
				CLANG_WARN_DEPRECATED_OBJC_IMPLEMENTATIONS = YES;
				CLANG_WARN_DIRECT_OBJC_ISA_USAGE = YES_ERROR;
				CLANG_WARN_DOCUMENTATION_COMMENTS = YES;
				CLANG_WARN_EMPTY_BODY = YES;
				CLANG_WARN_ENUM_CONVERSION = YES;
				CLANG_WARN_INFINITE_RECURSION = YES;
				CLANG_WARN_INT_CONVERSION = YES;
				CLANG_WARN_NON_LITERAL_NULL_CONVERSION = YES;
				CLANG_WARN_OBJC_IMPLICIT_RETAIN_SELF = YES;
				CLANG_WARN_OBJC_LITERAL_CONVERSION = YES;
				CLANG_WARN_OBJC_ROOT_CLASS = YES_ERROR;
				CLANG_WARN_RANGE_LOOP_ANALYSIS = YES;
				CLANG_WARN_STRICT_PROTOTYPES = YES;
				CLANG_WARN_SUSPICIOUS_MOVE = YES;
				CLANG_WARN_UNGUARDED_AVAILABILITY = YES_AGGRESSIVE;
				CLANG_WARN_UNREACHABLE_CODE = YES;
				CLANG_WARN__DUPLICATE_METHOD_MATCH = YES;
				CODE_SIGN_IDENTITY = "iPhone Developer";
				COPY_PHASE_STRIP = NO;
				DEBUG_INFORMATION_FORMAT = "dwarf-with-dsym";
				ENABLE_NS_ASSERTIONS = NO;
				ENABLE_STRICT_OBJC_MSGSEND = YES;
				GCC_C_LANGUAGE_STANDARD = gnu11;
				GCC_NO_COMMON_BLOCKS = YES;
				GCC_WARN_64_TO_32_BIT_CONVERSION = YES;
				GCC_WARN_ABOUT_RETURN_TYPE = YES_ERROR;
				GCC_WARN_UNDECLARED_SELECTOR = YES;
				GCC_WARN_UNINITIALIZED_AUTOS = YES_AGGRESSIVE;
				GCC_WARN_UNUSED_FUNCTION = YES;
				GCC_WARN_UNUSED_VARIABLE = YES;
				IPHONEOS_DEPLOYMENT_TARGET = 11.0;
				MTL_ENABLE_DEBUG_INFO = NO;
				MTL_FAST_MATH = YES;
				SDKROOT = iphoneos;
				SWIFT_COMPILATION_MODE = wholemodule;
				SWIFT_OPTIMIZATION_LEVEL = "-O";
				VALIDATE_PRODUCT = YES;
			};
			name = Release;
		};
		3AB718A322F34B9100348085 /* Debug */ = {
			isa = XCBuildConfiguration;
			buildSettings = {
				ASSETCATALOG_COMPILER_APPICON_NAME = AppIcon;
				CODE_SIGN_STYLE = Automatic;
				DEVELOPMENT_TEAM = AS4ZG3MAQH;
				INFOPLIST_FILE = "TravelApp/Supporting Files/Info.plist";
				LD_RUNPATH_SEARCH_PATHS = (
					"$(inherited)",
					"@executable_path/Frameworks",
				);
				PRODUCT_BUNDLE_IDENTIFIER = "net.ddns.jessangel-web.TravelApp";
				PRODUCT_NAME = "$(TARGET_NAME)";
				SWIFT_VERSION = 5.0;
				TARGETED_DEVICE_FAMILY = "1,2";
			};
			name = Debug;
		};
		3AB718A422F34B9100348085 /* Release */ = {
			isa = XCBuildConfiguration;
			buildSettings = {
				ASSETCATALOG_COMPILER_APPICON_NAME = AppIcon;
				CODE_SIGN_STYLE = Automatic;
				DEVELOPMENT_TEAM = AS4ZG3MAQH;
				INFOPLIST_FILE = "TravelApp/Supporting Files/Info.plist";
				LD_RUNPATH_SEARCH_PATHS = (
					"$(inherited)",
					"@executable_path/Frameworks",
				);
				PRODUCT_BUNDLE_IDENTIFIER = "net.ddns.jessangel-web.TravelApp";
				PRODUCT_NAME = "$(TARGET_NAME)";
				SWIFT_VERSION = 5.0;
				TARGETED_DEVICE_FAMILY = "1,2";
			};
			name = Release;
		};
		3AB718A622F34B9100348085 /* Debug */ = {
			isa = XCBuildConfiguration;
			buildSettings = {
				ALWAYS_EMBED_SWIFT_STANDARD_LIBRARIES = YES;
				BUNDLE_LOADER = "$(TEST_HOST)";
				CLANG_ENABLE_MODULES = YES;
				CODE_SIGN_STYLE = Automatic;
				DEVELOPMENT_TEAM = AS4ZG3MAQH;
				INFOPLIST_FILE = TravelAppTests/Info.plist;
				LD_RUNPATH_SEARCH_PATHS = (
					"$(inherited)",
					"@executable_path/Frameworks",
					"@loader_path/Frameworks",
				);
				PRODUCT_BUNDLE_IDENTIFIER = "net.ddns.jessangel-web.TravelAppTests";
				PRODUCT_NAME = "$(TARGET_NAME)";
				SWIFT_OPTIMIZATION_LEVEL = "-Onone";
				SWIFT_VERSION = 5.0;
				TARGETED_DEVICE_FAMILY = "1,2";
				TEST_HOST = "$(BUILT_PRODUCTS_DIR)/TravelApp.app/TravelApp";
			};
			name = Debug;
		};
		3AB718A722F34B9100348085 /* Release */ = {
			isa = XCBuildConfiguration;
			buildSettings = {
				ALWAYS_EMBED_SWIFT_STANDARD_LIBRARIES = YES;
				BUNDLE_LOADER = "$(TEST_HOST)";
				CLANG_ENABLE_MODULES = YES;
				CODE_SIGN_STYLE = Automatic;
				DEVELOPMENT_TEAM = AS4ZG3MAQH;
				INFOPLIST_FILE = TravelAppTests/Info.plist;
				LD_RUNPATH_SEARCH_PATHS = (
					"$(inherited)",
					"@executable_path/Frameworks",
					"@loader_path/Frameworks",
				);
				PRODUCT_BUNDLE_IDENTIFIER = "net.ddns.jessangel-web.TravelAppTests";
				PRODUCT_NAME = "$(TARGET_NAME)";
				SWIFT_VERSION = 5.0;
				TARGETED_DEVICE_FAMILY = "1,2";
				TEST_HOST = "$(BUILT_PRODUCTS_DIR)/TravelApp.app/TravelApp";
			};
			name = Release;
		};
/* End XCBuildConfiguration section */

/* Begin XCConfigurationList section */
		3AB7188022F34B9000348085 /* Build configuration list for PBXProject "TravelApp" */ = {
			isa = XCConfigurationList;
			buildConfigurations = (
				3AB718A022F34B9100348085 /* Debug */,
				3AB718A122F34B9100348085 /* Release */,
			);
			defaultConfigurationIsVisible = 0;
			defaultConfigurationName = Release;
		};
		3AB718A222F34B9100348085 /* Build configuration list for PBXNativeTarget "TravelApp" */ = {
			isa = XCConfigurationList;
			buildConfigurations = (
				3AB718A322F34B9100348085 /* Debug */,
				3AB718A422F34B9100348085 /* Release */,
			);
			defaultConfigurationIsVisible = 0;
			defaultConfigurationName = Release;
		};
		3AB718A522F34B9100348085 /* Build configuration list for PBXNativeTarget "TravelAppTests" */ = {
			isa = XCConfigurationList;
			buildConfigurations = (
				3AB718A622F34B9100348085 /* Debug */,
				3AB718A722F34B9100348085 /* Release */,
			);
			defaultConfigurationIsVisible = 0;
			defaultConfigurationName = Release;
		};
/* End XCConfigurationList section */
	};
	rootObject = 3AB7187D22F34B9000348085 /* Project object */;
}
